PODS:
  - JSONModel (1.5.1)
  - Realm (1.1.0):
    - Realm/Headers (= 1.1.0)
  - Realm/Headers (1.1.0)

DEPENDENCIES:
  - JSONModel (~> 1.5.1)
  - Realm

SPEC CHECKSUMS:
  JSONModel: fd2553dc9e6608a3f35bfc956a14be35395d3852
  Realm: ceecf1a4540c4ce9efe196fe73fa9855bce05bd8

PODFILE CHECKSUM: b5cfac6f73bbbc0dfce5deb44900f5068c8ba925

COCOAPODS: 1.0.1
